
Microsoft Visual Studio Solution File, Format Version 12.00
# Visual Studio Version 16
VisualStudioVersion = 16.0.30717.126
MinimumVisualStudioVersion = 10.0.40219.1
Project("{9A19103F-16F7-4668-BE54-9A1E7A4F7556}") = "PaymentRequestContract", "PaymentRequestContract\PaymentRequestContract.csproj", "{D1E6387D-6BBF-4D5E-9C12-DB08E29506FF}"
EndProject
Global
	GlobalSection(SolutionConfigurationPlatforms) = preSolution
		Debug|Any CPU = Debug|Any CPU
		Release|Any CPU = Release|Any CPU
	EndGlobalSection
	GlobalSection(ProjectConfigurationPlatforms) = postSolution
		{D1E6387D-6BBF-4D5E-9C12-DB08E29506FF}.Debug|Any CPU.ActiveCfg = Debug|Any CPU
		{D1E6387D-6BBF-4D5E-9C12-DB08E29506FF}.Debug|Any CPU.Build.0 = Debug|Any CPU
		{D1E6387D-6BBF-4D5E-9C12-DB08E29506FF}.Release|Any CPU.ActiveCfg = Release|Any CPU
		{D1E6387D-6BBF-4D5E-9C12-DB08E29506FF}.Release|Any CPU.Build.0 = Release|Any CPU
	EndGlobalSection
	GlobalSection(SolutionProperties) = preSolution
		HideSolutionNode = FALSE
	EndGlobalSection
	GlobalSection(ExtensibilityGlobals) = postSolution
		SolutionGuid = {416FF613-7CEF-4948-9359-E004339ABEAA}
	EndGlobalSection
EndGlobal
